{
  "name": "turbine-js",
  "version": "1.0.0",
  "lockfileVersion": 3,
  "requires": true,
  "packages": {
    "": {
      "name": "turbine-js",
      "version": "1.0.0",
      "license": "MIT",
      "dependencies": {
        "mersenne-twister": "git://github.com/lukejbullard/mersenne-twister.git#ef9203a",
        "xhr2": "^0.2.1"
      },
      "devDependencies": {
        "uglify-js": "^3.17.4"
      }
    },
    "node_modules/mersenne-twister": {
      "version": "1.1.1",
      "resolved": "git+ssh://git@github.com/lukejbullard/mersenne-twister.git#ef9203a0df118f72af16aeb523ab812fc89e2a9c"
    },
    "node_modules/uglify-js": {
      "version": "3.17.4",
      "resolved": "https://registry.npmjs.org/uglify-js/-/uglify-js-3.17.4.tgz",
      "integrity": "sha512-T9q82TJI9e/C1TAxYvfb16xO120tMVFZrGA3f9/P4424DNu6ypK103y0GPFVa17yotwSyZW5iYXgjYHkGrJW/g==",
      "dev": true,
      "bin": {
        "uglifyjs": "bin/uglifyjs"
      },
      "engines": {
        "node": ">=0.8.0"
      }
    },
    "node_modules/xhr2": {
      "version": "0.2.1",
      "resolved": "https://registry.npmjs.org/xhr2/-/xhr2-0.2.1.tgz",
      "integrity": "sha512-sID0rrVCqkVNUn8t6xuv9+6FViXjUVXq8H5rWOH2rz9fDNQEd4g0EA2XlcEdJXRz5BMEn4O1pJFdT+z4YHhoWw==",
      "engines": {
        "node": ">= 6"
      }
    }
  }
}
